
Microsoft Visual Studio Solution File, Format Version 12.00
# Visual Studio Version 17
VisualStudioVersion = 17.3.32804.467
MinimumVisualStudioVersion = 10.0.40219.1
Project("{9A19103F-16F7-4668-BE54-9A1E7A4F7556}") = "Testcode", "Testcode.csproj", "{1C461AD8-E085-4DA1-B5F3-5E2BC043DA3A}"
EndProject
Global
	GlobalSection(SolutionConfigurationPlatforms) = preSolution
		Debug|Any CPU = Debug|Any CPU
		Release|Any CPU = Release|Any CPU
	EndGlobalSection
	GlobalSection(ProjectConfigurationPlatforms) = postSolution
		{1C461AD8-E085-4DA1-B5F3-5E2BC043DA3A}.Debug|Any CPU.ActiveCfg = Debug|Any CPU
		{1C461AD8-E085-4DA1-B5F3-5E2BC043DA3A}.Debug|Any CPU.Build.0 = Debug|Any CPU
		{1C461AD8-E085-4DA1-B5F3-5E2BC043DA3A}.Release|Any CPU.ActiveCfg = Release|Any CPU
		{1C461AD8-E085-4DA1-B5F3-5E2BC043DA3A}.Release|Any CPU.Build.0 = Release|Any CPU
	EndGlobalSection
	GlobalSection(SolutionProperties) = preSolution
		HideSolutionNode = FALSE
	EndGlobalSection
	GlobalSection(ExtensibilityGlobals) = postSolution
		SolutionGuid = {58F3B5A8-4911-4E99-9747-18C94109E6B7}
	EndGlobalSection
EndGlobal
